
Microsoft Visual Studio Solution File, Format Version 12.00
# Visual Studio Version 16
VisualStudioVersion = 16.0.30804.86
MinimumVisualStudioVersion = 10.0.40219.1
Project("{FAE04EC0-301F-11D3-BF4B-00C04F79EFBC}") = "Sierpinski", "Sierpinski.csproj", "{5B2E19F3-B7DA-4AC9-896D-B3B057164089}"
EndProject
Global
	GlobalSection(SolutionConfigurationPlatforms) = preSolution
		Debug|Any CPU = Debug|Any CPU
		Release|Any CPU = Release|Any CPU
	EndGlobalSection
	GlobalSection(ProjectConfigurationPlatforms) = postSolution
		{5B2E19F3-B7DA-4AC9-896D-B3B057164089}.Debug|Any CPU.ActiveCfg = Debug|Any CPU
		{5B2E19F3-B7DA-4AC9-896D-B3B057164089}.Debug|Any CPU.Build.0 = Debug|Any CPU
		{5B2E19F3-B7DA-4AC9-896D-B3B057164089}.Release|Any CPU.ActiveCfg = Release|Any CPU
		{5B2E19F3-B7DA-4AC9-896D-B3B057164089}.Release|Any CPU.Build.0 = Release|Any CPU
	EndGlobalSection
	GlobalSection(SolutionProperties) = preSolution
		HideSolutionNode = FALSE
	EndGlobalSection
	GlobalSection(ExtensibilityGlobals) = postSolution
		SolutionGuid = {9EF10B8F-0C01-432C-A5E9-F6F594C231B8}
	EndGlobalSection
EndGlobal
