
Microsoft Visual Studio Solution File, Format Version 12.00
# Visual Studio Version 16
VisualStudioVersion = 16.0.30621.155
MinimumVisualStudioVersion = 10.0.40219.1
Project("{FAE04EC0-301F-11D3-BF4B-00C04F79EFBC}") = "Problems pool 1 - probleme cu numere", "Problems pool 1 - probleme cu numere.csproj", "{424B78BD-474A-4E37-B872-B270FC001EC4}"
EndProject
Global
	GlobalSection(SolutionConfigurationPlatforms) = preSolution
		Debug|Any CPU = Debug|Any CPU
		Release|Any CPU = Release|Any CPU
	EndGlobalSection
	GlobalSection(ProjectConfigurationPlatforms) = postSolution
		{424B78BD-474A-4E37-B872-B270FC001EC4}.Debug|Any CPU.ActiveCfg = Debug|Any CPU
		{424B78BD-474A-4E37-B872-B270FC001EC4}.Debug|Any CPU.Build.0 = Debug|Any CPU
		{424B78BD-474A-4E37-B872-B270FC001EC4}.Release|Any CPU.ActiveCfg = Release|Any CPU
		{424B78BD-474A-4E37-B872-B270FC001EC4}.Release|Any CPU.Build.0 = Release|Any CPU
	EndGlobalSection
	GlobalSection(SolutionProperties) = preSolution
		HideSolutionNode = FALSE
	EndGlobalSection
	GlobalSection(ExtensibilityGlobals) = postSolution
		SolutionGuid = {259869BE-BD16-4F3E-9B62-9F118D58625C}
	EndGlobalSection
EndGlobal
